
Microsoft Visual Studio Solution File, Format Version 12.00
# Visual Studio Version 17
VisualStudioVersion = 17.7.34024.191
MinimumVisualStudioVersion = 10.0.40219.1
Project("{FAE04EC0-301F-11D3-BF4B-00C04F79EFBC}") = "CodeChallenge28", "CodeChallenge28\CodeChallenge28.csproj", "{3DD485EC-5A79-4F5A-BB1C-029082CAFE71}"
EndProject
Project("{FAE04EC0-301F-11D3-BF4B-00C04F79EFBC}") = "TestProject1", "TestProject1\TestProject1.csproj", "{A82AA8D9-5567-4F6D-BD8D-90E5F9C59865}"
EndProject
Global
	GlobalSection(SolutionConfigurationPlatforms) = preSolution
		Debug|Any CPU = Debug|Any CPU
		Release|Any CPU = Release|Any CPU
	EndGlobalSection
	GlobalSection(ProjectConfigurationPlatforms) = postSolution
		{3DD485EC-5A79-4F5A-BB1C-029082CAFE71}.Debug|Any CPU.ActiveCfg = Debug|Any CPU
		{3DD485EC-5A79-4F5A-BB1C-029082CAFE71}.Debug|Any CPU.Build.0 = Debug|Any CPU
		{3DD485EC-5A79-4F5A-BB1C-029082CAFE71}.Release|Any CPU.ActiveCfg = Release|Any CPU
		{3DD485EC-5A79-4F5A-BB1C-029082CAFE71}.Release|Any CPU.Build.0 = Release|Any CPU
		{A82AA8D9-5567-4F6D-BD8D-90E5F9C59865}.Debug|Any CPU.ActiveCfg = Debug|Any CPU
		{A82AA8D9-5567-4F6D-BD8D-90E5F9C59865}.Debug|Any CPU.Build.0 = Debug|Any CPU
		{A82AA8D9-5567-4F6D-BD8D-90E5F9C59865}.Release|Any CPU.ActiveCfg = Release|Any CPU
		{A82AA8D9-5567-4F6D-BD8D-90E5F9C59865}.Release|Any CPU.Build.0 = Release|Any CPU
	EndGlobalSection
	GlobalSection(SolutionProperties) = preSolution
		HideSolutionNode = FALSE
	EndGlobalSection
	GlobalSection(ExtensibilityGlobals) = postSolution
		SolutionGuid = {DE755B0A-2A61-454C-9F51-42AA7A3DD229}
	EndGlobalSection
EndGlobal
