
Microsoft Visual Studio Solution File, Format Version 12.00
# Visual Studio Version 17
VisualStudioVersion = 17.7.34024.191
MinimumVisualStudioVersion = 10.0.40219.1
Project("{FAE04EC0-301F-11D3-BF4B-00C04F79EFBC}") = "CodeChallenge38", "CodeChallenge38\CodeChallenge38.csproj", "{B4518E32-DFB0-4608-A9D5-8A63EBEE80F3}"
EndProject
Project("{FAE04EC0-301F-11D3-BF4B-00C04F79EFBC}") = "TestProject1", "TestProject1\TestProject1.csproj", "{28439FB7-0D03-4BA4-8B06-045E0C61C287}"
EndProject
Global
	GlobalSection(SolutionConfigurationPlatforms) = preSolution
		Debug|Any CPU = Debug|Any CPU
		Release|Any CPU = Release|Any CPU
	EndGlobalSection
	GlobalSection(ProjectConfigurationPlatforms) = postSolution
		{B4518E32-DFB0-4608-A9D5-8A63EBEE80F3}.Debug|Any CPU.ActiveCfg = Debug|Any CPU
		{B4518E32-DFB0-4608-A9D5-8A63EBEE80F3}.Debug|Any CPU.Build.0 = Debug|Any CPU
		{B4518E32-DFB0-4608-A9D5-8A63EBEE80F3}.Release|Any CPU.ActiveCfg = Release|Any CPU
		{B4518E32-DFB0-4608-A9D5-8A63EBEE80F3}.Release|Any CPU.Build.0 = Release|Any CPU
		{28439FB7-0D03-4BA4-8B06-045E0C61C287}.Debug|Any CPU.ActiveCfg = Debug|Any CPU
		{28439FB7-0D03-4BA4-8B06-045E0C61C287}.Debug|Any CPU.Build.0 = Debug|Any CPU
		{28439FB7-0D03-4BA4-8B06-045E0C61C287}.Release|Any CPU.ActiveCfg = Release|Any CPU
		{28439FB7-0D03-4BA4-8B06-045E0C61C287}.Release|Any CPU.Build.0 = Release|Any CPU
	EndGlobalSection
	GlobalSection(SolutionProperties) = preSolution
		HideSolutionNode = FALSE
	EndGlobalSection
	GlobalSection(ExtensibilityGlobals) = postSolution
		SolutionGuid = {F89D8FB5-11CF-4A00-8EE6-D0397AEA4E90}
	EndGlobalSection
EndGlobal
