
Microsoft Visual Studio Solution File, Format Version 12.00
# Visual Studio Version 17
VisualStudioVersion = 17.6.33723.286
MinimumVisualStudioVersion = 10.0.40219.1
Project("{FAE04EC0-301F-11D3-BF4B-00C04F79EFBC}") = "sorting-inserting", "sorting-inserting\sorting-inserting.csproj", "{AB17302E-4487-4C29-A6D1-BDFF05CD7BDF}"
EndProject
Global
	GlobalSection(SolutionConfigurationPlatforms) = preSolution
		Debug|Any CPU = Debug|Any CPU
		Release|Any CPU = Release|Any CPU
	EndGlobalSection
	GlobalSection(ProjectConfigurationPlatforms) = postSolution
		{AB17302E-4487-4C29-A6D1-BDFF05CD7BDF}.Debug|Any CPU.ActiveCfg = Debug|Any CPU
		{AB17302E-4487-4C29-A6D1-BDFF05CD7BDF}.Debug|Any CPU.Build.0 = Debug|Any CPU
		{AB17302E-4487-4C29-A6D1-BDFF05CD7BDF}.Release|Any CPU.ActiveCfg = Release|Any CPU
		{AB17302E-4487-4C29-A6D1-BDFF05CD7BDF}.Release|Any CPU.Build.0 = Release|Any CPU
	EndGlobalSection
	GlobalSection(SolutionProperties) = preSolution
		HideSolutionNode = FALSE
	EndGlobalSection
	GlobalSection(ExtensibilityGlobals) = postSolution
		SolutionGuid = {239FCBB8-A957-43BF-BB6B-1159F2C1C455}
	EndGlobalSection
EndGlobal
