
Microsoft Visual Studio Solution File, Format Version 12.00
# Visual Studio Version 17
VisualStudioVersion = 17.6.33723.286
MinimumVisualStudioVersion = 10.0.40219.1
Project("{FAE04EC0-301F-11D3-BF4B-00C04F79EFBC}") = "CodeChallenge08", "CodeChallenge08\CodeChallenge08.csproj", "{0A83ADB8-E66B-4B6F-A52C-5ECF931DD80C}"
EndProject
Project("{FAE04EC0-301F-11D3-BF4B-00C04F79EFBC}") = "TestProject1", "TestProject1\TestProject1.csproj", "{87DA2AB0-CE21-4451-A8F1-FEF4CE057772}"
EndProject
Global
	GlobalSection(SolutionConfigurationPlatforms) = preSolution
		Debug|Any CPU = Debug|Any CPU
		Release|Any CPU = Release|Any CPU
	EndGlobalSection
	GlobalSection(ProjectConfigurationPlatforms) = postSolution
		{0A83ADB8-E66B-4B6F-A52C-5ECF931DD80C}.Debug|Any CPU.ActiveCfg = Debug|Any CPU
		{0A83ADB8-E66B-4B6F-A52C-5ECF931DD80C}.Debug|Any CPU.Build.0 = Debug|Any CPU
		{0A83ADB8-E66B-4B6F-A52C-5ECF931DD80C}.Release|Any CPU.ActiveCfg = Release|Any CPU
		{0A83ADB8-E66B-4B6F-A52C-5ECF931DD80C}.Release|Any CPU.Build.0 = Release|Any CPU
		{87DA2AB0-CE21-4451-A8F1-FEF4CE057772}.Debug|Any CPU.ActiveCfg = Debug|Any CPU
		{87DA2AB0-CE21-4451-A8F1-FEF4CE057772}.Debug|Any CPU.Build.0 = Debug|Any CPU
		{87DA2AB0-CE21-4451-A8F1-FEF4CE057772}.Release|Any CPU.ActiveCfg = Release|Any CPU
		{87DA2AB0-CE21-4451-A8F1-FEF4CE057772}.Release|Any CPU.Build.0 = Release|Any CPU
	EndGlobalSection
	GlobalSection(SolutionProperties) = preSolution
		HideSolutionNode = FALSE
	EndGlobalSection
	GlobalSection(ExtensibilityGlobals) = postSolution
		SolutionGuid = {C16D3663-ADB7-478F-B3F8-E0E1670B4C81}
	EndGlobalSection
EndGlobal
