
Microsoft Visual Studio Solution File, Format Version 12.00
# Visual Studio Version 17
VisualStudioVersion = 17.6.33723.286
MinimumVisualStudioVersion = 10.0.40219.1
Project("{FAE04EC0-301F-11D3-BF4B-00C04F79EFBC}") = "CodeChallenge10", "CodeChallenge10\CodeChallenge10.csproj", "{4CEE5ABA-C718-4464-9A41-6BCA5EB59BD1}"
EndProject
Project("{FAE04EC0-301F-11D3-BF4B-00C04F79EFBC}") = "TestProject1", "TestProject1\TestProject1.csproj", "{830D659B-70EA-4FB9-BBDF-709097A3DFF7}"
EndProject
Global
	GlobalSection(SolutionConfigurationPlatforms) = preSolution
		Debug|Any CPU = Debug|Any CPU
		Release|Any CPU = Release|Any CPU
	EndGlobalSection
	GlobalSection(ProjectConfigurationPlatforms) = postSolution
		{4CEE5ABA-C718-4464-9A41-6BCA5EB59BD1}.Debug|Any CPU.ActiveCfg = Debug|Any CPU
		{4CEE5ABA-C718-4464-9A41-6BCA5EB59BD1}.Debug|Any CPU.Build.0 = Debug|Any CPU
		{4CEE5ABA-C718-4464-9A41-6BCA5EB59BD1}.Release|Any CPU.ActiveCfg = Release|Any CPU
		{4CEE5ABA-C718-4464-9A41-6BCA5EB59BD1}.Release|Any CPU.Build.0 = Release|Any CPU
		{830D659B-70EA-4FB9-BBDF-709097A3DFF7}.Debug|Any CPU.ActiveCfg = Debug|Any CPU
		{830D659B-70EA-4FB9-BBDF-709097A3DFF7}.Debug|Any CPU.Build.0 = Debug|Any CPU
		{830D659B-70EA-4FB9-BBDF-709097A3DFF7}.Release|Any CPU.ActiveCfg = Release|Any CPU
		{830D659B-70EA-4FB9-BBDF-709097A3DFF7}.Release|Any CPU.Build.0 = Release|Any CPU
	EndGlobalSection
	GlobalSection(SolutionProperties) = preSolution
		HideSolutionNode = FALSE
	EndGlobalSection
	GlobalSection(ExtensibilityGlobals) = postSolution
		SolutionGuid = {E414D721-0B9D-47BD-97EA-0950F7E7FBFC}
	EndGlobalSection
EndGlobal
