
Microsoft Visual Studio Solution File, Format Version 12.00
# Visual Studio Version 17
VisualStudioVersion = 17.7.34024.191
MinimumVisualStudioVersion = 10.0.40219.1
Project("{9A19103F-16F7-4668-BE54-9A1E7A4F7556}") = "CodeChallenge36", "CodeChallenge36\CodeChallenge36.csproj", "{6844CE60-A175-4807-B8C5-CDF6BAE35311}"
EndProject
Project("{FAE04EC0-301F-11D3-BF4B-00C04F79EFBC}") = "TestProject1", "TestProject1\TestProject1.csproj", "{D3E5D933-5E11-493A-8CD8-374834491518}"
EndProject
Global
	GlobalSection(SolutionConfigurationPlatforms) = preSolution
		Debug|Any CPU = Debug|Any CPU
		Release|Any CPU = Release|Any CPU
	EndGlobalSection
	GlobalSection(ProjectConfigurationPlatforms) = postSolution
		{6844CE60-A175-4807-B8C5-CDF6BAE35311}.Debug|Any CPU.ActiveCfg = Debug|Any CPU
		{6844CE60-A175-4807-B8C5-CDF6BAE35311}.Debug|Any CPU.Build.0 = Debug|Any CPU
		{6844CE60-A175-4807-B8C5-CDF6BAE35311}.Release|Any CPU.ActiveCfg = Release|Any CPU
		{6844CE60-A175-4807-B8C5-CDF6BAE35311}.Release|Any CPU.Build.0 = Release|Any CPU
		{D3E5D933-5E11-493A-8CD8-374834491518}.Debug|Any CPU.ActiveCfg = Debug|Any CPU
		{D3E5D933-5E11-493A-8CD8-374834491518}.Debug|Any CPU.Build.0 = Debug|Any CPU
		{D3E5D933-5E11-493A-8CD8-374834491518}.Release|Any CPU.ActiveCfg = Release|Any CPU
		{D3E5D933-5E11-493A-8CD8-374834491518}.Release|Any CPU.Build.0 = Release|Any CPU
	EndGlobalSection
	GlobalSection(SolutionProperties) = preSolution
		HideSolutionNode = FALSE
	EndGlobalSection
	GlobalSection(ExtensibilityGlobals) = postSolution
		SolutionGuid = {AE2D8751-4637-4E6F-AE73-A3AD2EA9A1FB}
	EndGlobalSection
EndGlobal
