
Microsoft Visual Studio Solution File, Format Version 12.00
# Visual Studio Version 17
VisualStudioVersion = 17.7.34024.191
MinimumVisualStudioVersion = 10.0.40219.1
Project("{FAE04EC0-301F-11D3-BF4B-00C04F79EFBC}") = "CodeChallenge37", "CodeChallenge37\CodeChallenge37.csproj", "{B98B71C0-93BD-4E82-9AD6-B6600B098767}"
EndProject
Project("{FAE04EC0-301F-11D3-BF4B-00C04F79EFBC}") = "TestProject1", "TestProject1\TestProject1.csproj", "{96658586-85D7-49C5-95B6-AD5FE499A709}"
EndProject
Global
	GlobalSection(SolutionConfigurationPlatforms) = preSolution
		Debug|Any CPU = Debug|Any CPU
		Release|Any CPU = Release|Any CPU
	EndGlobalSection
	GlobalSection(ProjectConfigurationPlatforms) = postSolution
		{B98B71C0-93BD-4E82-9AD6-B6600B098767}.Debug|Any CPU.ActiveCfg = Debug|Any CPU
		{B98B71C0-93BD-4E82-9AD6-B6600B098767}.Debug|Any CPU.Build.0 = Debug|Any CPU
		{B98B71C0-93BD-4E82-9AD6-B6600B098767}.Release|Any CPU.ActiveCfg = Release|Any CPU
		{B98B71C0-93BD-4E82-9AD6-B6600B098767}.Release|Any CPU.Build.0 = Release|Any CPU
		{96658586-85D7-49C5-95B6-AD5FE499A709}.Debug|Any CPU.ActiveCfg = Debug|Any CPU
		{96658586-85D7-49C5-95B6-AD5FE499A709}.Debug|Any CPU.Build.0 = Debug|Any CPU
		{96658586-85D7-49C5-95B6-AD5FE499A709}.Release|Any CPU.ActiveCfg = Release|Any CPU
		{96658586-85D7-49C5-95B6-AD5FE499A709}.Release|Any CPU.Build.0 = Release|Any CPU
	EndGlobalSection
	GlobalSection(SolutionProperties) = preSolution
		HideSolutionNode = FALSE
	EndGlobalSection
	GlobalSection(ExtensibilityGlobals) = postSolution
		SolutionGuid = {21C64471-2272-40FB-83E5-5B2597B71EED}
	EndGlobalSection
EndGlobal
